
Microsoft Visual Studio Solution File, Format Version 12.00
# Visual Studio Version 17
VisualStudioVersion = 17.12.35506.116
MinimumVisualStudioVersion = 10.0.40219.1
Project("{FAE04EC0-301F-11D3-BF4B-00C04F79EFBC}") = "GuruPR.API", "src\GuruPR.API\GuruPR.API.csproj", "{B82F2633-3EE5-4B49-AFD4-72EF69E9EB7E}"
EndProject
Project("{FAE04EC0-301F-11D3-BF4B-00C04F79EFBC}") = "GuruPR.Application", "src\GuruPR.Application\GuruPR.Application.csproj", "{0571DCAE-4A08-4270-9813-F4BD871EE556}"
EndProject
Project("{FAE04EC0-301F-11D3-BF4B-00C04F79EFBC}") = "GuruPR.Domain", "src\GuruPR.Domain\GuruPR.Domain.csproj", "{A40154FD-C82C-40A2-AFD0-26D48465132A}"
EndProject
Project("{FAE04EC0-301F-11D3-BF4B-00C04F79EFBC}") = "GuruPR.Infrastructure", "src\GuruPR.Infrastructure\GuruPR.Infrastructure.csproj", "{0CDA54E7-0485-4118-A029-3CCC07879932}"
EndProject
Project("{FAE04EC0-301F-11D3-BF4B-00C04F79EFBC}") = "GuruPR.Persistence", "src\GuruPR.Persistence\GuruPR.Persistence.csproj", "{BFC595A7-D8C8-4BFC-B3BB-763C2F55BB00}"
EndProject
Project("{2150E333-8FDC-42A3-9474-1A3956D46DE8}") = "Solution Items", "Solution Items", "{83A6B775-68CA-42CF-A7C1-34FCC3B39022}"
	ProjectSection(SolutionItems) = preProject
		.editorconfig = .editorconfig
		README.md = README.md
	EndProjectSection
EndProject
Global
	GlobalSection(SolutionConfigurationPlatforms) = preSolution
		Debug|Any CPU = Debug|Any CPU
		Release|Any CPU = Release|Any CPU
	EndGlobalSection
	GlobalSection(ProjectConfigurationPlatforms) = postSolution
		{B82F2633-3EE5-4B49-AFD4-72EF69E9EB7E}.Debug|Any CPU.ActiveCfg = Debug|Any CPU
		{B82F2633-3EE5-4B49-AFD4-72EF69E9EB7E}.Debug|Any CPU.Build.0 = Debug|Any CPU
		{B82F2633-3EE5-4B49-AFD4-72EF69E9EB7E}.Release|Any CPU.ActiveCfg = Release|Any CPU
		{B82F2633-3EE5-4B49-AFD4-72EF69E9EB7E}.Release|Any CPU.Build.0 = Release|Any CPU
		{0571DCAE-4A08-4270-9813-F4BD871EE556}.Debug|Any CPU.ActiveCfg = Debug|Any CPU
		{0571DCAE-4A08-4270-9813-F4BD871EE556}.Debug|Any CPU.Build.0 = Debug|Any CPU
		{0571DCAE-4A08-4270-9813-F4BD871EE556}.Release|Any CPU.ActiveCfg = Release|Any CPU
		{0571DCAE-4A08-4270-9813-F4BD871EE556}.Release|Any CPU.Build.0 = Release|Any CPU
		{A40154FD-C82C-40A2-AFD0-26D48465132A}.Debug|Any CPU.ActiveCfg = Debug|Any CPU
		{A40154FD-C82C-40A2-AFD0-26D48465132A}.Debug|Any CPU.Build.0 = Debug|Any CPU
		{A40154FD-C82C-40A2-AFD0-26D48465132A}.Release|Any CPU.ActiveCfg = Release|Any CPU
		{A40154FD-C82C-40A2-AFD0-26D48465132A}.Release|Any CPU.Build.0 = Release|Any CPU
		{0CDA54E7-0485-4118-A029-3CCC07879932}.Debug|Any CPU.ActiveCfg = Debug|Any CPU
		{0CDA54E7-0485-4118-A029-3CCC07879932}.Debug|Any CPU.Build.0 = Debug|Any CPU
		{0CDA54E7-0485-4118-A029-3CCC07879932}.Release|Any CPU.ActiveCfg = Release|Any CPU
		{0CDA54E7-0485-4118-A029-3CCC07879932}.Release|Any CPU.Build.0 = Release|Any CPU
		{BFC595A7-D8C8-4BFC-B3BB-763C2F55BB00}.Debug|Any CPU.ActiveCfg = Debug|Any CPU
		{BFC595A7-D8C8-4BFC-B3BB-763C2F55BB00}.Debug|Any CPU.Build.0 = Debug|Any CPU
		{BFC595A7-D8C8-4BFC-B3BB-763C2F55BB00}.Release|Any CPU.ActiveCfg = Release|Any CPU
		{BFC595A7-D8C8-4BFC-B3BB-763C2F55BB00}.Release|Any CPU.Build.0 = Release|Any CPU
	EndGlobalSection
	GlobalSection(SolutionProperties) = preSolution
		HideSolutionNode = FALSE
	EndGlobalSection
EndGlobal
